
Microsoft Visual Studio Solution File, Format Version 12.00
# Visual Studio 15
VisualStudioVersion = 15.0.27004.2006
MinimumVisualStudioVersion = 10.0.40219.1
Project("{F184B08F-C81C-45F6-A57F-5ABD9991F28F}") = "Duplicates", "Duplicates.vbproj", "{5AD60B53-901B-42A3-8D96-AE67A945BB2D}"
EndProject
Global
	GlobalSection(SolutionConfigurationPlatforms) = preSolution
		Debug|x86 = Debug|x86
		Release|x86 = Release|x86
	EndGlobalSection
	GlobalSection(ProjectConfigurationPlatforms) = postSolution
		{5AD60B53-901B-42A3-8D96-AE67A945BB2D}.Debug|x86.ActiveCfg = Debug|x86
		{5AD60B53-901B-42A3-8D96-AE67A945BB2D}.Debug|x86.Build.0 = Debug|x86
		{5AD60B53-901B-42A3-8D96-AE67A945BB2D}.Release|x86.ActiveCfg = Release|x86
		{5AD60B53-901B-42A3-8D96-AE67A945BB2D}.Release|x86.Build.0 = Release|x86
	EndGlobalSection
	GlobalSection(SolutionProperties) = preSolution
		HideSolutionNode = FALSE
	EndGlobalSection
	GlobalSection(ExtensibilityGlobals) = postSolution
		SolutionGuid = {F17AF118-DA98-47E1-A768-4CD4D50B0DAA}
	EndGlobalSection
EndGlobal
